
Microsoft Visual Studio Solution File, Format Version 12.00
# Visual Studio Version 17
VisualStudioVersion = 17.11.35017.193
MinimumVisualStudioVersion = 10.0.40219.1
Project("{FAE04EC0-301F-11D3-BF4B-00C04F79EFBC}") = "FingerPaintSummer24", "FingerPaintSummer24\FingerPaintSummer24.csproj", "{24CB2445-1CB4-40A3-A599-09313BF2F23F}"
EndProject
Global
	GlobalSection(SolutionConfigurationPlatforms) = preSolution
		Debug|Any CPU = Debug|Any CPU
		Release|Any CPU = Release|Any CPU
	EndGlobalSection
	GlobalSection(ProjectConfigurationPlatforms) = postSolution
		{24CB2445-1CB4-40A3-A599-09313BF2F23F}.Debug|Any CPU.ActiveCfg = Debug|Any CPU
		{24CB2445-1CB4-40A3-A599-09313BF2F23F}.Debug|Any CPU.Build.0 = Debug|Any CPU
		{24CB2445-1CB4-40A3-A599-09313BF2F23F}.Debug|Any CPU.Deploy.0 = Debug|Any CPU
		{24CB2445-1CB4-40A3-A599-09313BF2F23F}.Release|Any CPU.ActiveCfg = Release|Any CPU
		{24CB2445-1CB4-40A3-A599-09313BF2F23F}.Release|Any CPU.Build.0 = Release|Any CPU
		{24CB2445-1CB4-40A3-A599-09313BF2F23F}.Release|Any CPU.Deploy.0 = Release|Any CPU
	EndGlobalSection
	GlobalSection(SolutionProperties) = preSolution
		HideSolutionNode = FALSE
	EndGlobalSection
	GlobalSection(ExtensibilityGlobals) = postSolution
		SolutionGuid = {C3BBFCDB-D80F-48AF-9591-3D8930417B15}
	EndGlobalSection
EndGlobal
